
Microsoft Visual Studio Solution File, Format Version 12.00
# Visual Studio Version 17
VisualStudioVersion = 17.7.34031.279
MinimumVisualStudioVersion = 10.0.40219.1
Project("{8BC9CEB8-8B4A-11D0-8D11-00A0C91BC942}") = "SioSdk", "SioSdk\SioSdk.vcxproj", "{BF06B6B5-A79C-4632-8D71-84BAB6B90587}"
EndProject
Global
	GlobalSection(SolutionConfigurationPlatforms) = preSolution
		Debug|x64 = Debug|x64
		Debug|x86 = Debug|x86
		Release|x64 = Release|x64
		Release|x86 = Release|x86
	EndGlobalSection
	GlobalSection(ProjectConfigurationPlatforms) = postSolution
		{BF06B6B5-A79C-4632-8D71-84BAB6B90587}.Debug|x64.ActiveCfg = Debug|x64
		{BF06B6B5-A79C-4632-8D71-84BAB6B90587}.Debug|x64.Build.0 = Debug|x64
		{BF06B6B5-A79C-4632-8D71-84BAB6B90587}.Debug|x86.ActiveCfg = Debug|Win32
		{BF06B6B5-A79C-4632-8D71-84BAB6B90587}.Debug|x86.Build.0 = Debug|Win32
		{BF06B6B5-A79C-4632-8D71-84BAB6B90587}.Release|x64.ActiveCfg = Release|x64
		{BF06B6B5-A79C-4632-8D71-84BAB6B90587}.Release|x64.Build.0 = Release|x64
		{BF06B6B5-A79C-4632-8D71-84BAB6B90587}.Release|x86.ActiveCfg = Release|Win32
		{BF06B6B5-A79C-4632-8D71-84BAB6B90587}.Release|x86.Build.0 = Release|Win32
	EndGlobalSection
	GlobalSection(SolutionProperties) = preSolution
		HideSolutionNode = FALSE
	EndGlobalSection
	GlobalSection(ExtensibilityGlobals) = postSolution
		SolutionGuid = {09358FB9-BD3F-4470-AD4A-B1B4C7DBF3C9}
	EndGlobalSection
EndGlobal
